
Microsoft Visual Studio Solution File, Format Version 12.00
# Visual Studio Version 17
VisualStudioVersion = 17.11.35327.3
MinimumVisualStudioVersion = 10.0.40219.1
Project("{FAE04EC0-301F-11D3-BF4B-00C04F79EFBC}") = "40835", "40835.csproj", "{8CD8FF6B-204C-4F95-B765-8E95973CF8AB}"
EndProject
Global
	GlobalSection(SolutionConfigurationPlatforms) = preSolution
		Debug|Any CPU = Debug|Any CPU
		Release|Any CPU = Release|Any CPU
	EndGlobalSection
	GlobalSection(ProjectConfigurationPlatforms) = postSolution
		{8CD8FF6B-204C-4F95-B765-8E95973CF8AB}.Debug|Any CPU.ActiveCfg = Debug|Any CPU
		{8CD8FF6B-204C-4F95-B765-8E95973CF8AB}.Debug|Any CPU.Build.0 = Debug|Any CPU
		{8CD8FF6B-204C-4F95-B765-8E95973CF8AB}.Release|Any CPU.ActiveCfg = Release|Any CPU
		{8CD8FF6B-204C-4F95-B765-8E95973CF8AB}.Release|Any CPU.Build.0 = Release|Any CPU
	EndGlobalSection
	GlobalSection(SolutionProperties) = preSolution
		HideSolutionNode = FALSE
	EndGlobalSection
	GlobalSection(ExtensibilityGlobals) = postSolution
		SolutionGuid = {3A701401-C086-4347-82DD-EF34B64B791A}
	EndGlobalSection
EndGlobal
